
Microsoft Visual Studio Solution File, Format Version 12.00
# Visual Studio 2012
Project("{FAE04EC0-301F-11D3-BF4B-00C04F79EFBC}") = "ConsoleSimulator", "ConsoleSimulator\ConsoleSimulator.csproj", "{D6FDB521-6E37-40CB-AADD-D58802340CDC}"
EndProject
Project("{FAE04EC0-301F-11D3-BF4B-00C04F79EFBC}") = "UnitTests", "UnitTests\UnitTests.csproj", "{17C19D82-5DFC-4DC5-8ECD-B783E10B748E}"
EndProject
Project("{FAE04EC0-301F-11D3-BF4B-00C04F79EFBC}") = "Interfaces", "Interfaces\Interfaces.csproj", "{0A2CDBAE-86E6-4022-96D3-995C965BE5AA}"
EndProject
Project("{FAE04EC0-301F-11D3-BF4B-00C04F79EFBC}") = "Models", "Models\Models.csproj", "{CE8718B4-BC5D-40D2-9EFE-350127FECB40}"
EndProject
Project("{FAE04EC0-301F-11D3-BF4B-00C04F79EFBC}") = "BMW", "BMW\BMW.csproj", "{F34F667A-3F07-414D-8FBC-6D395360EC13}"
EndProject
Global
	GlobalSection(SolutionConfigurationPlatforms) = preSolution
		Debug|Any CPU = Debug|Any CPU
		Release|Any CPU = Release|Any CPU
	EndGlobalSection
	GlobalSection(ProjectConfigurationPlatforms) = postSolution
		{D6FDB521-6E37-40CB-AADD-D58802340CDC}.Debug|Any CPU.ActiveCfg = Debug|Any CPU
		{D6FDB521-6E37-40CB-AADD-D58802340CDC}.Debug|Any CPU.Build.0 = Debug|Any CPU
		{D6FDB521-6E37-40CB-AADD-D58802340CDC}.Release|Any CPU.ActiveCfg = Release|Any CPU
		{D6FDB521-6E37-40CB-AADD-D58802340CDC}.Release|Any CPU.Build.0 = Release|Any CPU
		{17C19D82-5DFC-4DC5-8ECD-B783E10B748E}.Debug|Any CPU.ActiveCfg = Debug|Any CPU
		{17C19D82-5DFC-4DC5-8ECD-B783E10B748E}.Debug|Any CPU.Build.0 = Debug|Any CPU
		{17C19D82-5DFC-4DC5-8ECD-B783E10B748E}.Release|Any CPU.ActiveCfg = Release|Any CPU
		{17C19D82-5DFC-4DC5-8ECD-B783E10B748E}.Release|Any CPU.Build.0 = Release|Any CPU
		{0A2CDBAE-86E6-4022-96D3-995C965BE5AA}.Debug|Any CPU.ActiveCfg = Debug|Any CPU
		{0A2CDBAE-86E6-4022-96D3-995C965BE5AA}.Debug|Any CPU.Build.0 = Debug|Any CPU
		{0A2CDBAE-86E6-4022-96D3-995C965BE5AA}.Release|Any CPU.ActiveCfg = Release|Any CPU
		{0A2CDBAE-86E6-4022-96D3-995C965BE5AA}.Release|Any CPU.Build.0 = Release|Any CPU
		{CE8718B4-BC5D-40D2-9EFE-350127FECB40}.Debug|Any CPU.ActiveCfg = Debug|Any CPU
		{CE8718B4-BC5D-40D2-9EFE-350127FECB40}.Debug|Any CPU.Build.0 = Debug|Any CPU
		{CE8718B4-BC5D-40D2-9EFE-350127FECB40}.Release|Any CPU.ActiveCfg = Release|Any CPU
		{CE8718B4-BC5D-40D2-9EFE-350127FECB40}.Release|Any CPU.Build.0 = Release|Any CPU
		{F34F667A-3F07-414D-8FBC-6D395360EC13}.Debug|Any CPU.ActiveCfg = Debug|Any CPU
		{F34F667A-3F07-414D-8FBC-6D395360EC13}.Debug|Any CPU.Build.0 = Debug|Any CPU
		{F34F667A-3F07-414D-8FBC-6D395360EC13}.Release|Any CPU.ActiveCfg = Release|Any CPU
		{F34F667A-3F07-414D-8FBC-6D395360EC13}.Release|Any CPU.Build.0 = Release|Any CPU
	EndGlobalSection
	GlobalSection(SolutionProperties) = preSolution
		HideSolutionNode = FALSE
	EndGlobalSection
EndGlobal
